
Microsoft Visual Studio Solution File, Format Version 12.00
# Visual Studio Version 17
VisualStudioVersion = 17.4.33213.308
MinimumVisualStudioVersion = 10.0.40219.1
Project("{FAE04EC0-301F-11D3-BF4B-00C04F79EFBC}") = "agenda-simples-t5", "agenda-simples-t5.csproj", "{F84ECF48-3CF0-4619-86A0-B1FF484BF462}"
EndProject
Global
	GlobalSection(SolutionConfigurationPlatforms) = preSolution
		Debug|Any CPU = Debug|Any CPU
		Release|Any CPU = Release|Any CPU
	EndGlobalSection
	GlobalSection(ProjectConfigurationPlatforms) = postSolution
		{F84ECF48-3CF0-4619-86A0-B1FF484BF462}.Debug|Any CPU.ActiveCfg = Debug|Any CPU
		{F84ECF48-3CF0-4619-86A0-B1FF484BF462}.Debug|Any CPU.Build.0 = Debug|Any CPU
		{F84ECF48-3CF0-4619-86A0-B1FF484BF462}.Release|Any CPU.ActiveCfg = Release|Any CPU
		{F84ECF48-3CF0-4619-86A0-B1FF484BF462}.Release|Any CPU.Build.0 = Release|Any CPU
	EndGlobalSection
	GlobalSection(SolutionProperties) = preSolution
		HideSolutionNode = FALSE
	EndGlobalSection
	GlobalSection(ExtensibilityGlobals) = postSolution
		SolutionGuid = {77140CF3-19FF-4418-8F29-362A558AF910}
	EndGlobalSection
EndGlobal
